
Microsoft Visual Studio Solution File, Format Version 12.00
# Visual Studio Version 17
VisualStudioVersion = 17.9.34714.143
MinimumVisualStudioVersion = 10.0.40219.1
Project("{FAE04EC0-301F-11D3-BF4B-00C04F79EFBC}") = "WebApi-Routing", "WebApi-Routing\WebApi-Routing.csproj", "{50AC2068-E4CB-49B6-8273-CF8062474CC6}"
EndProject
Global
	GlobalSection(SolutionConfigurationPlatforms) = preSolution
		Debug|Any CPU = Debug|Any CPU
		Release|Any CPU = Release|Any CPU
	EndGlobalSection
	GlobalSection(ProjectConfigurationPlatforms) = postSolution
		{50AC2068-E4CB-49B6-8273-CF8062474CC6}.Debug|Any CPU.ActiveCfg = Debug|Any CPU
		{50AC2068-E4CB-49B6-8273-CF8062474CC6}.Debug|Any CPU.Build.0 = Debug|Any CPU
		{50AC2068-E4CB-49B6-8273-CF8062474CC6}.Release|Any CPU.ActiveCfg = Release|Any CPU
		{50AC2068-E4CB-49B6-8273-CF8062474CC6}.Release|Any CPU.Build.0 = Release|Any CPU
	EndGlobalSection
	GlobalSection(SolutionProperties) = preSolution
		HideSolutionNode = FALSE
	EndGlobalSection
	GlobalSection(ExtensibilityGlobals) = postSolution
		SolutionGuid = {C6120862-A78F-4E32-AC4F-FD11AC454118}
	EndGlobalSection
EndGlobal
